
Microsoft Visual Studio Solution File, Format Version 12.00
# Visual Studio 15
VisualStudioVersion = 15.0.28307.421
MinimumVisualStudioVersion = 10.0.40219.1
Project("{FAE04EC0-301F-11D3-BF4B-00C04F79EFBC}") = "LongList", "LongList\LongList.csproj", "{2FE46B2F-E58B-491C-BF89-7682CFF20619}"
EndProject
Project("{FAE04EC0-301F-11D3-BF4B-00C04F79EFBC}") = "LongListLibrary", "LongListLibrary\LongListLibrary.csproj", "{39529688-DA1D-43D3-AE9C-F860BD6C0F48}"
EndProject
Global
	GlobalSection(SolutionConfigurationPlatforms) = preSolution
		Debug|Any CPU = Debug|Any CPU
		Release|Any CPU = Release|Any CPU
	EndGlobalSection
	GlobalSection(ProjectConfigurationPlatforms) = postSolution
		{2FE46B2F-E58B-491C-BF89-7682CFF20619}.Debug|Any CPU.ActiveCfg = Debug|Any CPU
		{2FE46B2F-E58B-491C-BF89-7682CFF20619}.Debug|Any CPU.Build.0 = Debug|Any CPU
		{2FE46B2F-E58B-491C-BF89-7682CFF20619}.Release|Any CPU.ActiveCfg = Release|Any CPU
		{2FE46B2F-E58B-491C-BF89-7682CFF20619}.Release|Any CPU.Build.0 = Release|Any CPU
		{39529688-DA1D-43D3-AE9C-F860BD6C0F48}.Debug|Any CPU.ActiveCfg = Debug|Any CPU
		{39529688-DA1D-43D3-AE9C-F860BD6C0F48}.Debug|Any CPU.Build.0 = Debug|Any CPU
		{39529688-DA1D-43D3-AE9C-F860BD6C0F48}.Release|Any CPU.ActiveCfg = Release|Any CPU
		{39529688-DA1D-43D3-AE9C-F860BD6C0F48}.Release|Any CPU.Build.0 = Release|Any CPU
	EndGlobalSection
	GlobalSection(SolutionProperties) = preSolution
		HideSolutionNode = FALSE
	EndGlobalSection
	GlobalSection(ExtensibilityGlobals) = postSolution
		SolutionGuid = {DA80B608-DB21-47E2-8CFC-846051571E35}
	EndGlobalSection
EndGlobal
